# This file is automatically @generated by Cargo.
# It is not intended for manual editing.
version = 4

[[package]]
name = "dyn-hash"
version = "1.0.0"
source = "registry+https://github.com/rust-lang/crates.io-index"
checksum = "5fdab65db9274e0168143841eb8f864a0a21f8b1b8d2ba6812bbe6024346e99e"

[[package]]
name = "photoroom"
version = "0.1.0"
dependencies = [
 "dyn-hash",
]
